PODS:
  - Alamofire (5.4.4)
  - AttributedString (2.2.1)
  - camera (0.0.1):
    - Flutter
  - connectivity (0.0.1):
    - Flutter
    - Reachability
  - DateToolsSwift (5.0.0)
  - device_info (0.0.1):
    - Flutter
  - Differentiator (5.0.0)
  - DKImagePickerController/Core (4.3.2):
    - DKImagePickerController/ImageDataManager
    - DKImagePickerController/Resource
  - DKImagePickerController/ImageDataManager (4.3.2)
  - DKImagePickerController/PhotoGallery (4.3.2):
    - DKImagePickerController/Core
    - DKPhotoGallery
  - DKImagePickerController/Resource (4.3.2)
  - DKPhotoGallery (0.0.17):
    - DKPhotoGallery/Core (= 0.0.17)
    - DKPhotoGallery/Model (= 0.0.17)
    - DKPhotoGallery/Preview (= 0.0.17)
    - DKPhotoGallery/Resource (= 0.0.17)
    - SDWebImage
    - SwiftyGif
  - DKPhotoGallery/Core (0.0.17):
    - DKPhotoGallery/Model
    - DKPhotoGallery/Preview
    - SDWebImage
    - SwiftyGif
  - DKPhotoGallery/Model (0.0.17):
    - SDWebImage
    - SwiftyGif
  - DKPhotoGallery/Preview (0.0.17):
    - DKPhotoGallery/Model
    - DKPhotoGallery/Resource
    - SDWebImage
    - SwiftyGif
  - DKPhotoGallery/Resource (0.0.17):
    - SDWebImage
    - SwiftyGif
  - dsBridge (3.0.6)
  - EGOCache (2.2.0)
  - file_picker (0.0.1):
    - DKImagePickerController/PhotoGallery
    - Flutter
  - Flutter (1.0.0)
  - flutter_boost (0.0.2):
    - Flutter
  - flutter_module (0.0.1):
    - Flutter
  - FlutterPluginRegistrant (0.0.1):
    - camera
    - connectivity
    - device_info
    - file_picker
    - Flutter
    - flutter_boost
    - fluttertoast
    - image_picker
    - package_info
    - path_provider
    - share
    - shared_preferences
    - sqflite
    - url_launcher
    - video_player
    - webview_flutter
  - fluttertoast (0.0.2):
    - Flutter
    - Toast
  - FMDB (2.7.5):
    - FMDB/standard (= 2.7.5)
  - FMDB/standard (2.7.5)
  - image_picker (0.0.1):
    - Flutter
  - Instructions (2.1.0)
  - IQKeyboardManagerSwift (6.5.9)
  - JPFPSStatus (0.1.1)
  - KeychainAccess (4.2.2)
  - MJRefresh (3.7.2)
  - Moya (15.0.0):
    - Moya/Core (= 15.0.0)
  - Moya/Core (15.0.0):
    - Alamofire (~> 5.0)
  - package_info (0.0.1):
    - Flutter
  - path_provider (0.0.1):
    - Flutter
  - PINCache (3.0.3):
    - PINCache/Arc-exception-safe (= 3.0.3)
    - PINCache/Core (= 3.0.3)
  - PINCache/Arc-exception-safe (3.0.3):
    - PINCache/Core
  - PINCache/Core (3.0.3):
    - PINOperation (~> 1.2.1)
  - PINOperation (1.2.1)
  - PINRemoteImage/Core (3.0.3):
    - PINOperation
  - PINRemoteImage/iOS (3.0.3):
    - PINRemoteImage/Core
  - PINRemoteImage/PINCache (3.0.3):
    - PINCache (~> 3.0.3)
    - PINRemoteImage/Core
  - pop (1.0.12)
  - RAMAnimatedTabBarController (5.2.0)
  - Reachability (3.2)
  - RxBlocking (6.5.0):
    - RxSwift (= 6.5.0)
  - RxCocoa (6.5.0):
    - RxRelay (= 6.5.0)
    - RxSwift (= 6.5.0)
  - RxDataSources (5.0.0):
    - Differentiator (~> 5.0)
    - RxCocoa (~> 6.0)
    - RxSwift (~> 6.0)
  - RxRelay (6.5.0):
    - RxSwift (= 6.5.0)
  - RxSwift (6.5.0)
  - RxTest (6.5.0):
    - RxSwift (= 6.5.0)
  - SDWebImage (5.12.3):
    - SDWebImage/Core (= 5.12.3)
  - SDWebImage/Core (5.12.3)
  - share (0.0.1):
    - Flutter
  - shared_preferences (0.0.1):
    - Flutter
  - SnapKit (5.0.1)
  - sqflite (0.0.2):
    - Flutter
    - FMDB (>= 2.7.5)
  - SQLite.swift (0.13.0):
    - SQLite.swift/standard (= 0.13.0)
  - SQLite.swift/standard (0.13.0)
  - SwiftDate (6.3.1)
  - SwiftLint (0.45.0)
  - SwiftyColor (1.2.1)
  - SwiftyGif (5.4.3)
  - SwiftyImage (1.6.0)
  - SwiftyJSON (5.0.1)
  - SwiftyTimer (2.1.0)
  - Texture (3.1.0):
    - Texture/AssetsLibrary (= 3.1.0)
    - Texture/Core (= 3.1.0)
    - Texture/MapKit (= 3.1.0)
    - Texture/Photos (= 3.1.0)
    - Texture/PINRemoteImage (= 3.1.0)
    - Texture/Video (= 3.1.0)
  - Texture/AssetsLibrary (3.1.0):
    - Texture/Core
  - Texture/Core (3.1.0)
  - Texture/MapKit (3.1.0):
    - Texture/Core
  - Texture/Photos (3.1.0):
    - Texture/Core
  - Texture/PINRemoteImage (3.1.0):
    - PINRemoteImage/iOS (~> 3.0.0)
    - PINRemoteImage/PINCache
    - Texture/Core
  - Texture/Video (3.1.0):
    - Texture/Core
  - Toast (4.0.0)
  - url_launcher (0.0.1):
    - Flutter
  - video_player (0.0.1):
    - Flutter
  - webview_flutter (0.0.1):
    - Flutter

DEPENDENCIES:
  - AttributedString
  - camera (from `../flutter_module/.ios/.symlinks/plugins/camera/ios`)
  - connectivity (from `../flutter_module/.ios/.symlinks/plugins/connectivity/ios`)
  - DateToolsSwift
  - device_info (from `../flutter_module/.ios/.symlinks/plugins/device_info/ios`)
  - dsBridge
  - EGOCache
  - file_picker (from `../flutter_module/.ios/.symlinks/plugins/file_picker/ios`)
  - Flutter (from `../flutter_module/.ios/Flutter/engine`)
  - flutter_boost (from `../flutter_module/.ios/.symlinks/plugins/flutter_boost/ios`)
  - flutter_module (from `../flutter_module/.ios/Flutter`)
  - FlutterPluginRegistrant (from `../flutter_module/.ios/Flutter/FlutterPluginRegistrant`)
  - fluttertoast (from `../flutter_module/.ios/.symlinks/plugins/fluttertoast/ios`)
  - image_picker (from `../flutter_module/.ios/.symlinks/plugins/image_picker/ios`)
  - Instructions
  - IQKeyboardManagerSwift
  - JPFPSStatus
  - KeychainAccess
  - MJRefresh
  - Moya
  - package_info (from `../flutter_module/.ios/.symlinks/plugins/package_info/ios`)
  - path_provider (from `../flutter_module/.ios/.symlinks/plugins/path_provider/ios`)
  - pop
  - RAMAnimatedTabBarController
  - RxBlocking
  - RxCocoa
  - RxDataSources
  - RxSwift
  - RxTest
  - share (from `../flutter_module/.ios/.symlinks/plugins/share/ios`)
  - shared_preferences (from `../flutter_module/.ios/.symlinks/plugins/shared_preferences/ios`)
  - SnapKit
  - sqflite (from `../flutter_module/.ios/.symlinks/plugins/sqflite/ios`)
  - SQLite.swift
  - SwiftDate
  - SwiftLint
  - SwiftyColor
  - SwiftyImage
  - SwiftyJSON
  - SwiftyTimer
  - Texture
  - url_launcher (from `../flutter_module/.ios/.symlinks/plugins/url_launcher/ios`)
  - video_player (from `../flutter_module/.ios/.symlinks/plugins/video_player/ios`)
  - webview_flutter (from `../flutter_module/.ios/.symlinks/plugins/webview_flutter/ios`)

SPEC REPOS:
  https://github.com/CocoaPods/Specs.git:
    - Alamofire
    - AttributedString
    - DateToolsSwift
    - Differentiator
    - DKImagePickerController
    - DKPhotoGallery
    - dsBridge
    - EGOCache
    - FMDB
    - Instructions
    - IQKeyboardManagerSwift
    - JPFPSStatus
    - KeychainAccess
    - MJRefresh
    - Moya
    - PINCache
    - PINOperation
    - PINRemoteImage
    - pop
    - RAMAnimatedTabBarController
    - Reachability
    - RxBlocking
    - RxCocoa
    - RxDataSources
    - RxRelay
    - RxSwift
    - RxTest
    - SDWebImage
    - SnapKit
    - SQLite.swift
    - SwiftDate
    - SwiftLint
    - SwiftyColor
    - SwiftyGif
    - SwiftyImage
    - SwiftyJSON
    - SwiftyTimer
    - Texture
    - Toast

EXTERNAL SOURCES:
  camera:
    :path: "../flutter_module/.ios/.symlinks/plugins/camera/ios"
  connectivity:
    :path: "../flutter_module/.ios/.symlinks/plugins/connectivity/ios"
  device_info:
    :path: "../flutter_module/.ios/.symlinks/plugins/device_info/ios"
  file_picker:
    :path: "../flutter_module/.ios/.symlinks/plugins/file_picker/ios"
  Flutter:
    :path: "../flutter_module/.ios/Flutter/engine"
  flutter_boost:
    :path: "../flutter_module/.ios/.symlinks/plugins/flutter_boost/ios"
  flutter_module:
    :path: "../flutter_module/.ios/Flutter"
  FlutterPluginRegistrant:
    :path: "../flutter_module/.ios/Flutter/FlutterPluginRegistrant"
  fluttertoast:
    :path: "../flutter_module/.ios/.symlinks/plugins/fluttertoast/ios"
  image_picker:
    :path: "../flutter_module/.ios/.symlinks/plugins/image_picker/ios"
  package_info:
    :path: "../flutter_module/.ios/.symlinks/plugins/package_info/ios"
  path_provider:
    :path: "../flutter_module/.ios/.symlinks/plugins/path_provider/ios"
  share:
    :path: "../flutter_module/.ios/.symlinks/plugins/share/ios"
  shared_preferences:
    :path: "../flutter_module/.ios/.symlinks/plugins/shared_preferences/ios"
  sqflite:
    :path: "../flutter_module/.ios/.symlinks/plugins/sqflite/ios"
  url_launcher:
    :path: "../flutter_module/.ios/.symlinks/plugins/url_launcher/ios"
  video_player:
    :path: "../flutter_module/.ios/.symlinks/plugins/video_player/ios"
  webview_flutter:
    :path: "../flutter_module/.ios/.symlinks/plugins/webview_flutter/ios"

SPEC CHECKSUMS:
  Alamofire: f3b09a368f1582ab751b3fff5460276e0d2cf5c9
  AttributedString: 5d92c133226b792566a4b4e2a5bdc0c9e12ee2b5
  camera: a0ca5080336f7af47b88436e5e26da3dee5568f0
  connectivity: c4130b2985d4ef6fd26f9702e886bd5260681467
  DateToolsSwift: 4207ada6ad615d8dc076323d27037c94916dbfa6
  device_info: d7d233b645a32c40dfdc212de5cf646ca482f175
  Differentiator: e8497ceab83c1b10ca233716d547b9af21b9344d
  DKImagePickerController: b5eb7f7a388e4643264105d648d01f727110fc3d
  DKPhotoGallery: fdfad5125a9fdda9cc57df834d49df790dbb4179
  dsBridge: 48b62ee8a411ad601a88d6f6c8cf6cb634b206b7
  EGOCache: 191fd213da6804d487b49b1a91772ba904f3e324
  file_picker: 3e6c3790de664ccf9b882732d9db5eaf6b8d4eb1
  Flutter: bdfa2e8fe0e2880a2c6a58a0b1a8675c262a07af
  flutter_boost: 6a73c54e5654df180c2cc379045b8cba9746fc8a
  flutter_module: d1e1ff44505640bd9aa37f23f63380c646272be4
  FlutterPluginRegistrant: a9f0dc7d69560354b0aeefcb89ea1c9fd3c4fba1
  fluttertoast: 6122fa75143e992b1d3470f61000f591a798cc58
  FMDB: 2ce00b547f966261cd18927a3ddb07cb6f3db82a
  image_picker: 66aa71bc96850a90590a35d4c4a2907b0d823109
  Instructions: 2465e321dde23f7c8fc26fe8efddf605df80dfba
  IQKeyboardManagerSwift: 6e839c575c4aa1078d58a596e41244e77abe918f
  JPFPSStatus: 03f32aa3d4d7d0c5bf56f6f3e7cf8b7280a5f52c
  KeychainAccess: c0c4f7f38f6fc7bbe58f5702e25f7bd2f65abf51
  MJRefresh: 30997d30b347c8e9508a4db11e3a690da0c9b85a
  Moya: 138f0573e53411fb3dc17016add0b748dfbd78ee
  package_info: 873975fc26034f0b863a300ad47e7f1ac6c7ec62
  path_provider: abfe2b5c733d04e238b0d8691db0cfd63a27a93c
  PINCache: 7a8fc1a691173d21dbddbf86cd515de6efa55086
  PINOperation: 00c935935f1e8cf0d1e2d6b542e75b88fc3e5e20
  PINRemoteImage: f1295b29f8c5e640e25335a1b2bd9d805171bd01
  pop: d582054913807fd11fd50bfe6a539d91c7e1a55a
  RAMAnimatedTabBarController: 6863a386e7ae2ab227cd60aa73ab8ff56cdacfdd
  Reachability: 33e18b67625424e47b6cde6d202dce689ad7af96
  RxBlocking: 04b5fd28bb5ea49f7d64b80db8bbfe50d9cc1c7d
  RxCocoa: 94f817b71c07517321eb4f9ad299112ca8af743b
  RxDataSources: aa47cc1ed6c500fa0dfecac5c979b723542d79cf
  RxRelay: 1de1523e604c72b6c68feadedd1af3b1b4d0ecbd
  RxSwift: 5710a9e6b17f3c3d6e40d6e559b9fa1e813b2ef8
  RxTest: eb2d23adefc5a5ebf5779c7792fa3edfe6ebcc17
  SDWebImage: 53179a2dba77246efa8a9b85f5c5b21f8f43e38f
  share: 0b2c3e82132f5888bccca3351c504d0003b3b410
  shared_preferences: af6bfa751691cdc24be3045c43ec037377ada40d
  SnapKit: 97b92857e3df3a0c71833cce143274bf6ef8e5eb
  sqflite: 6d358c025f5b867b29ed92fc697fd34924e11904
  SQLite.swift: 8add701609fd0ef78d097dcc75d20a9782e6f5fc
  SwiftDate: 72d28954e8e1c6c1c0f917ccc8005e4f83c7d4b2
  SwiftLint: e5c7f1fba68eccfc51509d5b2ce1699f5502e0c7
  SwiftyColor: a2f468071c1b96be1ba41a0be7cf70d645cd7dcc
  SwiftyGif: 6c3eafd0ce693cad58bb63d2b2fb9bacb8552780
  SwiftyImage: 65c71a147f417fc0fe137d17b135aaa666279a09
  SwiftyJSON: 2f33a42c6fbc52764d96f13368585094bfd8aa5e
  SwiftyTimer: 02dd6cf10cbc71cbf67cec494f6e5eb782102543
  Texture: 2e8ab2519452515f7f5a520f5a8f7e0a413abfa3
  Toast: 91b396c56ee72a5790816f40d3a94dd357abc196
  url_launcher: 6fef411d543ceb26efce54b05a0a40bfd74cbbef
  video_player: 9cc823b1d9da7e8427ee591e8438bfbcde500e6e
  webview_flutter: 9f491a9b5a66f2573946a389b2677987b0ff8c0b

PODFILE CHECKSUM: 1f2845b09f589398a7fb8bcfdecd1e3e5caf10ef

COCOAPODS: 1.11.2
